{
  "lockfile-version": 1,
  "manifest": {
    "version": 1,
    "install": {
      "radare2": {
        "pkg-path": "radare2"
      }
    },
    "hook": {},
    "profile": {},
    "options": {}
  },
  "packages": [
    {
      "attr_path": "radare2",
      "broken": false,
      "derivation": "/nix/store/bsydc92axw3arh433s70vpmzvyifwj90-radare2-6.0.7.drv",
      "description": "UNIX-like reverse engineering framework and command-line toolset",
      "install_id": "radare2",
      "license": "[ GPL-3.0-only, LGPL-3.0-only ]",
      "locked_url": "https://github.com/flox/nixpkgs?rev=c5296fdd05cfa2c187990dd909864da9658df755",
      "name": "radare2-6.0.7",
      "pname": "radare2",
      "rev": "c5296fdd05cfa2c187990dd909864da9658df755",
      "rev_count": 933481,
      "rev_date": "2026-01-23T12:18:02Z",
      "scrape_date": "2026-01-26T04:36:37.424161Z",
      "stabilities": [
        "unstable"
      ],
      "unfree": false,
      "version": "6.0.7",
      "outputs_to_install": [
        "out"
      ],
      "outputs": {
        "out": "/nix/store/y96q1lwcfjd4schrn7zx792iykm193pd-radare2-6.0.7"
      },
      "system": "aarch64-darwin",
      "group": "toplevel",
      "priority": 5
    },
    {
      "attr_path": "radare2",
      "broken": false,
      "derivation": "/nix/store/1hldqhzw8455194cf4x7r94pp6zy1rlm-radare2-6.0.7.drv",
      "description": "UNIX-like reverse engineering framework and command-line toolset",
      "install_id": "radare2",
      "license": "[ GPL-3.0-only, LGPL-3.0-only ]",
      "locked_url": "https://github.com/flox/nixpkgs?rev=c5296fdd05cfa2c187990dd909864da9658df755",
      "name": "radare2-6.0.7",
      "pname": "radare2",
      "rev": "c5296fdd05cfa2c187990dd909864da9658df755",
      "rev_count": 933481,
      "rev_date": "2026-01-23T12:18:02Z",
      "scrape_date": "2026-01-26T05:18:50.144071Z",
      "stabilities": [
        "unstable"
      ],
      "unfree": false,
      "version": "6.0.7",
      "outputs_to_install": [
        "out"
      ],
      "outputs": {
        "out": "/nix/store/pfd9k6qi9rijmqjm23da0ryhsgy6j9ip-radare2-6.0.7"
      },
      "system": "aarch64-linux",
      "group": "toplevel",
      "priority": 5
    },
    {
      "attr_path": "radare2",
      "broken": false,
      "derivation": "/nix/store/3i1s151yrys9dl9ylz96aix67khxmi4k-radare2-6.0.7.drv",
      "description": "UNIX-like reverse engineering framework and command-line toolset",
      "install_id": "radare2",
      "license": "[ GPL-3.0-only, LGPL-3.0-only ]",
      "locked_url": "https://github.com/flox/nixpkgs?rev=c5296fdd05cfa2c187990dd909864da9658df755",
      "name": "radare2-6.0.7",
      "pname": "radare2",
      "rev": "c5296fdd05cfa2c187990dd909864da9658df755",
      "rev_count": 933481,
      "rev_date": "2026-01-23T12:18:02Z",
      "scrape_date": "2026-01-26T05:57:24.988123Z",
      "stabilities": [
        "unstable"
      ],
      "unfree": false,
      "version": "6.0.7",
      "outputs_to_install": [
        "out"
      ],
      "outputs": {
        "out": "/nix/store/dn30r7s3bg17q9jij8csqajbmgd8j1iy-radare2-6.0.7"
      },
      "system": "x86_64-darwin",
      "group": "toplevel",
      "priority": 5
    },
    {
      "attr_path": "radare2",
      "broken": false,
      "derivation": "/nix/store/i3aaxvzshqqkmfbv2l16n2qf9x8lq5wr-radare2-6.0.7.drv",
      "description": "UNIX-like reverse engineering framework and command-line toolset",
      "install_id": "radare2",
      "license": "[ GPL-3.0-only, LGPL-3.0-only ]",
      "locked_url": "https://github.com/flox/nixpkgs?rev=c5296fdd05cfa2c187990dd909864da9658df755",
      "name": "radare2-6.0.7",
      "pname": "radare2",
      "rev": "c5296fdd05cfa2c187990dd909864da9658df755",
      "rev_count": 933481,
      "rev_date": "2026-01-23T12:18:02Z",
      "scrape_date": "2026-01-26T06:53:06.458389Z",
      "stabilities": [
        "unstable"
      ],
      "unfree": false,
      "version": "6.0.7",
      "outputs_to_install": [
        "out"
      ],
      "outputs": {
        "out": "/nix/store/rvz1b6vnim87jrf9idkqdl4mwrawdar5-radare2-6.0.7"
      },
      "system": "x86_64-linux",
      "group": "toplevel",
      "priority": 5
    }
  ]
}
